
Microsoft Visual Studio Solution File, Format Version 12.00
# Visual Studio 15
VisualStudioVersion = 15.0.26124.0
MinimumVisualStudioVersion = 15.0.26124.0
Project("{FAE04EC0-301F-11D3-BF4B-00C04F79EFBC}") = "R5T.Kallithea.Abstractions.Construction", "R5T.Kallithea.Abstractions.Construction\R5T.Kallithea.Abstractions.Construction.csproj", "{A6916256-1400-4844-A5A8-3BB11ABB289C}"
EndProject
Project("{FAE04EC0-301F-11D3-BF4B-00C04F79EFBC}") = "R5T.Kallithea.Abstractions", "R5T.Kallithea.Abstractions\R5T.Kallithea.Abstractions.csproj", "{33AE6DF2-A429-4060-9137-6174E3690DB6}"
EndProject
Global
	GlobalSection(SolutionConfigurationPlatforms) = preSolution
		Debug|Any CPU = Debug|Any CPU
		Debug|x64 = Debug|x64
		Debug|x86 = Debug|x86
		Release|Any CPU = Release|Any CPU
		Release|x64 = Release|x64
		Release|x86 = Release|x86
	EndGlobalSection
	GlobalSection(SolutionProperties) = preSolution
		HideSolutionNode = FALSE
	EndGlobalSection
	GlobalSection(ProjectConfigurationPlatforms) = postSolution
		{A6916256-1400-4844-A5A8-3BB11ABB289C}.Debug|Any CPU.ActiveCfg = Debug|Any CPU
		{A6916256-1400-4844-A5A8-3BB11ABB289C}.Debug|Any CPU.Build.0 = Debug|Any CPU
		{A6916256-1400-4844-A5A8-3BB11ABB289C}.Debug|x64.ActiveCfg = Debug|Any CPU
		{A6916256-1400-4844-A5A8-3BB11ABB289C}.Debug|x64.Build.0 = Debug|Any CPU
		{A6916256-1400-4844-A5A8-3BB11ABB289C}.Debug|x86.ActiveCfg = Debug|Any CPU
		{A6916256-1400-4844-A5A8-3BB11ABB289C}.Debug|x86.Build.0 = Debug|Any CPU
		{A6916256-1400-4844-A5A8-3BB11ABB289C}.Release|Any CPU.ActiveCfg = Release|Any CPU
		{A6916256-1400-4844-A5A8-3BB11ABB289C}.Release|Any CPU.Build.0 = Release|Any CPU
		{A6916256-1400-4844-A5A8-3BB11ABB289C}.Release|x64.ActiveCfg = Release|Any CPU
		{A6916256-1400-4844-A5A8-3BB11ABB289C}.Release|x64.Build.0 = Release|Any CPU
		{A6916256-1400-4844-A5A8-3BB11ABB289C}.Release|x86.ActiveCfg = Release|Any CPU
		{A6916256-1400-4844-A5A8-3BB11ABB289C}.Release|x86.Build.0 = Release|Any CPU
		{33AE6DF2-A429-4060-9137-6174E3690DB6}.Debug|Any CPU.ActiveCfg = Debug|Any CPU
		{33AE6DF2-A429-4060-9137-6174E3690DB6}.Debug|Any CPU.Build.0 = Debug|Any CPU
		{33AE6DF2-A429-4060-9137-6174E3690DB6}.Debug|x64.ActiveCfg = Debug|Any CPU
		{33AE6DF2-A429-4060-9137-6174E3690DB6}.Debug|x64.Build.0 = Debug|Any CPU
		{33AE6DF2-A429-4060-9137-6174E3690DB6}.Debug|x86.ActiveCfg = Debug|Any CPU
		{33AE6DF2-A429-4060-9137-6174E3690DB6}.Debug|x86.Build.0 = Debug|Any CPU
		{33AE6DF2-A429-4060-9137-6174E3690DB6}.Release|Any CPU.ActiveCfg = Release|Any CPU
		{33AE6DF2-A429-4060-9137-6174E3690DB6}.Release|Any CPU.Build.0 = Release|Any CPU
		{33AE6DF2-A429-4060-9137-6174E3690DB6}.Release|x64.ActiveCfg = Release|Any CPU
		{33AE6DF2-A429-4060-9137-6174E3690DB6}.Release|x64.Build.0 = Release|Any CPU
		{33AE6DF2-A429-4060-9137-6174E3690DB6}.Release|x86.ActiveCfg = Release|Any CPU
		{33AE6DF2-A429-4060-9137-6174E3690DB6}.Release|x86.Build.0 = Release|Any CPU
	EndGlobalSection
EndGlobal
